
Microsoft Visual Studio Solution File, Format Version 12.00
# Visual Studio Version 16
VisualStudioVersion = 16.0.30204.135
MinimumVisualStudioVersion = 10.0.40219.1
Project("{FAE04EC0-301F-11D3-BF4B-00C04F79EFBC}") = "HROrganizerClassTest", "HROrganizerClassTest\HROrganizerClassTest.csproj", "{6BA25E8E-2DEA-482F-ABEC-5134866B2A32}"
EndProject
Global
	GlobalSection(SolutionConfigurationPlatforms) = preSolution
		Debug|Any CPU = Debug|Any CPU
		Release|Any CPU = Release|Any CPU
	EndGlobalSection
	GlobalSection(ProjectConfigurationPlatforms) = postSolution
		{6BA25E8E-2DEA-482F-ABEC-5134866B2A32}.Debug|Any CPU.ActiveCfg = Debug|Any CPU
		{6BA25E8E-2DEA-482F-ABEC-5134866B2A32}.Debug|Any CPU.Build.0 = Debug|Any CPU
		{6BA25E8E-2DEA-482F-ABEC-5134866B2A32}.Release|Any CPU.ActiveCfg = Release|Any CPU
		{6BA25E8E-2DEA-482F-ABEC-5134866B2A32}.Release|Any CPU.Build.0 = Release|Any CPU
	EndGlobalSection
	GlobalSection(SolutionProperties) = preSolution
		HideSolutionNode = FALSE
	EndGlobalSection
	GlobalSection(ExtensibilityGlobals) = postSolution
		SolutionGuid = {9E0AAE13-D8B9-4BA4-A436-E2C112911EB4}
	EndGlobalSection
EndGlobal
